<?xml version="1.0" encoding="utf-8"?>
<Project ToolsVersion="16.0" xmlns="http://schemas.microsoft.com/developer/msbuild/2003">
  <ItemGroup>
    <ClCompile Include="C:\Users\Dell\Desktop\DEVELOPMENT\rms-map-editor\windows\flutter\ephemeral\.plugin_symlinks\file_saver\windows\file_saver_plugin.cpp">
      <Filter>Source Files</Filter>
    </ClCompile>
  </ItemGroup>
  <ItemGroup>
    <CustomBuild Include="C:\Users\Dell\Desktop\DEVELOPMENT\rms-map-editor\windows\flutter\ephemeral\.plugin_symlinks\file_saver\windows\CMakeLists.txt" />
  </ItemGroup>
  <ItemGroup>
    <Filter Include="Source Files">
      <UniqueIdentifier>{22D526B0-B194-3672-9489-B781DDA703E5}</UniqueIdentifier>
    </Filter>
  </ItemGroup>
</Project>
