Microsoft Visual Studio Solution File, Format Version 12.00
# Visual Studio 16
Project("{8BC9CEB8-8B4A-11D0-8D11-00A0C91BC942}") = "ALL_BUILD", "ALL_BUILD.vcxproj", "{1C6E247D-8C08-3479-B60A-9B737ABBA482}"
	ProjectSection(ProjectDependencies) = postProject
		{FF788A7A-198B-36C2-A3D0-899223E6A506} = {FF788A7A-198B-36C2-A3D0-899223E6A506}
		{3A94FA32-2303-36E5-AA77-F8F183979F03} = {3A94FA32-2303-36E5-AA77-F8F183979F03}
	EndProjectSection
EndProject
Project("{8BC9CEB8-8B4A-11D0-8D11-00A0C91BC942}") = "INSTALL", "INSTALL.vcxproj", "{F8A2BBE0-BC55-3CED-8C49-933DFF7681FA}"
	ProjectSection(ProjectDependencies) = postProject
		{1C6E247D-8C08-3479-B60A-9B737ABBA482} = {1C6E247D-8C08-3479-B60A-9B737ABBA482}
		{FF788A7A-198B-36C2-A3D0-899223E6A506} = {FF788A7A-198B-36C2-A3D0-899223E6A506}
	EndProjectSection
EndProject
Project("{8BC9CEB8-8B4A-11D0-8D11-00A0C91BC942}") = "ZERO_CHECK", "..\\ZERO_CHECK.vcxproj", "{FF788A7A-198B-36C2-A3D0-899223E6A506}"
	ProjectSection(ProjectDependencies) = postProject
	EndProjectSection
EndProject
Project("{8BC9CEB8-8B4A-11D0-8D11-00A0C91BC942}") = "file_saver_plugin", "..\plugins\file_saver\file_saver_plugin.vcxproj", "{BAEF226F-691B-3F0E-989F-C1CCD7A577CA}"
	ProjectSection(ProjectDependencies) = postProject
		{FF788A7A-198B-36C2-A3D0-899223E6A506} = {FF788A7A-198B-36C2-A3D0-899223E6A506}
		{4E27982E-7E39-3442-906D-1C9EDF0ADC06} = {4E27982E-7E39-3442-906D-1C9EDF0ADC06}
		{BAA98DBA-1197-34F6-93A2-6B37D7869CA2} = {BAA98DBA-1197-34F6-93A2-6B37D7869CA2}
	EndProjectSection
EndProject
Project("{8BC9CEB8-8B4A-11D0-8D11-00A0C91BC942}") = "flutter_assemble", "..\flutter\flutter_assemble.vcxproj", "{4E27982E-7E39-3442-906D-1C9EDF0ADC06}"
	ProjectSection(ProjectDependencies) = postProject
		{FF788A7A-198B-36C2-A3D0-899223E6A506} = {FF788A7A-198B-36C2-A3D0-899223E6A506}
	EndProjectSection
EndProject
Project("{8BC9CEB8-8B4A-11D0-8D11-00A0C91BC942}") = "flutter_wrapper_app", "..\flutter\flutter_wrapper_app.vcxproj", "{CDDF88B8-4412-33A3-8094-5ABFFD9FAD7A}"
	ProjectSection(ProjectDependencies) = postProject
		{FF788A7A-198B-36C2-A3D0-899223E6A506} = {FF788A7A-198B-36C2-A3D0-899223E6A506}
		{4E27982E-7E39-3442-906D-1C9EDF0ADC06} = {4E27982E-7E39-3442-906D-1C9EDF0ADC06}
	EndProjectSection
EndProject
Project("{8BC9CEB8-8B4A-11D0-8D11-00A0C91BC942}") = "flutter_wrapper_plugin", "..\flutter\flutter_wrapper_plugin.vcxproj", "{BAA98DBA-1197-34F6-93A2-6B37D7869CA2}"
	ProjectSection(ProjectDependencies) = postProject
		{FF788A7A-198B-36C2-A3D0-899223E6A506} = {FF788A7A-198B-36C2-A3D0-899223E6A506}
		{4E27982E-7E39-3442-906D-1C9EDF0ADC06} = {4E27982E-7E39-3442-906D-1C9EDF0ADC06}
	EndProjectSection
EndProject
Project("{8BC9CEB8-8B4A-11D0-8D11-00A0C91BC942}") = "rms", "rms.vcxproj", "{3A94FA32-2303-36E5-AA77-F8F183979F03}"
	ProjectSection(ProjectDependencies) = postProject
		{FF788A7A-198B-36C2-A3D0-899223E6A506} = {FF788A7A-198B-36C2-A3D0-899223E6A506}
		{BAEF226F-691B-3F0E-989F-C1CCD7A577CA} = {BAEF226F-691B-3F0E-989F-C1CCD7A577CA}
		{4E27982E-7E39-3442-906D-1C9EDF0ADC06} = {4E27982E-7E39-3442-906D-1C9EDF0ADC06}
		{CDDF88B8-4412-33A3-8094-5ABFFD9FAD7A} = {CDDF88B8-4412-33A3-8094-5ABFFD9FAD7A}
	EndProjectSection
EndProject
Global
	GlobalSection(SolutionConfigurationPlatforms) = preSolution
		Debug|x64 = Debug|x64
		Profile|x64 = Profile|x64
		Release|x64 = Release|x64
	EndGlobalSection
	GlobalSection(ProjectConfigurationPlatforms) = postSolution
		{1C6E247D-8C08-3479-B60A-9B737ABBA482}.Debug|x64.ActiveCfg = Debug|x64
		{1C6E247D-8C08-3479-B60A-9B737ABBA482}.Debug|x64.Build.0 = Debug|x64
		{1C6E247D-8C08-3479-B60A-9B737ABBA482}.Profile|x64.ActiveCfg = Profile|x64
		{1C6E247D-8C08-3479-B60A-9B737ABBA482}.Profile|x64.Build.0 = Profile|x64
		{1C6E247D-8C08-3479-B60A-9B737ABBA482}.Release|x64.ActiveCfg = Release|x64
		{1C6E247D-8C08-3479-B60A-9B737ABBA482}.Release|x64.Build.0 = Release|x64
		{F8A2BBE0-BC55-3CED-8C49-933DFF7681FA}.Debug|x64.ActiveCfg = Debug|x64
		{F8A2BBE0-BC55-3CED-8C49-933DFF7681FA}.Profile|x64.ActiveCfg = Profile|x64
		{F8A2BBE0-BC55-3CED-8C49-933DFF7681FA}.Release|x64.ActiveCfg = Release|x64
		{FF788A7A-198B-36C2-A3D0-899223E6A506}.Debug|x64.ActiveCfg = Debug|x64
		{FF788A7A-198B-36C2-A3D0-899223E6A506}.Debug|x64.Build.0 = Debug|x64
		{FF788A7A-198B-36C2-A3D0-899223E6A506}.Profile|x64.ActiveCfg = Profile|x64
		{FF788A7A-198B-36C2-A3D0-899223E6A506}.Profile|x64.Build.0 = Profile|x64
		{FF788A7A-198B-36C2-A3D0-899223E6A506}.Release|x64.ActiveCfg = Release|x64
		{FF788A7A-198B-36C2-A3D0-899223E6A506}.Release|x64.Build.0 = Release|x64
		{BAEF226F-691B-3F0E-989F-C1CCD7A577CA}.Debug|x64.ActiveCfg = Debug|x64
		{BAEF226F-691B-3F0E-989F-C1CCD7A577CA}.Debug|x64.Build.0 = Debug|x64
		{BAEF226F-691B-3F0E-989F-C1CCD7A577CA}.Profile|x64.ActiveCfg = Profile|x64
		{BAEF226F-691B-3F0E-989F-C1CCD7A577CA}.Profile|x64.Build.0 = Profile|x64
		{BAEF226F-691B-3F0E-989F-C1CCD7A577CA}.Release|x64.ActiveCfg = Release|x64
		{BAEF226F-691B-3F0E-989F-C1CCD7A577CA}.Release|x64.Build.0 = Release|x64
		{4E27982E-7E39-3442-906D-1C9EDF0ADC06}.Debug|x64.ActiveCfg = Debug|x64
		{4E27982E-7E39-3442-906D-1C9EDF0ADC06}.Debug|x64.Build.0 = Debug|x64
		{4E27982E-7E39-3442-906D-1C9EDF0ADC06}.Profile|x64.ActiveCfg = Profile|x64
		{4E27982E-7E39-3442-906D-1C9EDF0ADC06}.Profile|x64.Build.0 = Profile|x64
		{4E27982E-7E39-3442-906D-1C9EDF0ADC06}.Release|x64.ActiveCfg = Release|x64
		{4E27982E-7E39-3442-906D-1C9EDF0ADC06}.Release|x64.Build.0 = Release|x64
		{CDDF88B8-4412-33A3-8094-5ABFFD9FAD7A}.Debug|x64.ActiveCfg = Debug|x64
		{CDDF88B8-4412-33A3-8094-5ABFFD9FAD7A}.Debug|x64.Build.0 = Debug|x64
		{CDDF88B8-4412-33A3-8094-5ABFFD9FAD7A}.Profile|x64.ActiveCfg = Profile|x64
		{CDDF88B8-4412-33A3-8094-5ABFFD9FAD7A}.Profile|x64.Build.0 = Profile|x64
		{CDDF88B8-4412-33A3-8094-5ABFFD9FAD7A}.Release|x64.ActiveCfg = Release|x64
		{CDDF88B8-4412-33A3-8094-5ABFFD9FAD7A}.Release|x64.Build.0 = Release|x64
		{BAA98DBA-1197-34F6-93A2-6B37D7869CA2}.Debug|x64.ActiveCfg = Debug|x64
		{BAA98DBA-1197-34F6-93A2-6B37D7869CA2}.Debug|x64.Build.0 = Debug|x64
		{BAA98DBA-1197-34F6-93A2-6B37D7869CA2}.Profile|x64.ActiveCfg = Profile|x64
		{BAA98DBA-1197-34F6-93A2-6B37D7869CA2}.Profile|x64.Build.0 = Profile|x64
		{BAA98DBA-1197-34F6-93A2-6B37D7869CA2}.Release|x64.ActiveCfg = Release|x64
		{BAA98DBA-1197-34F6-93A2-6B37D7869CA2}.Release|x64.Build.0 = Release|x64
		{3A94FA32-2303-36E5-AA77-F8F183979F03}.Debug|x64.ActiveCfg = Debug|x64
		{3A94FA32-2303-36E5-AA77-F8F183979F03}.Debug|x64.Build.0 = Debug|x64
		{3A94FA32-2303-36E5-AA77-F8F183979F03}.Profile|x64.ActiveCfg = Profile|x64
		{3A94FA32-2303-36E5-AA77-F8F183979F03}.Profile|x64.Build.0 = Profile|x64
		{3A94FA32-2303-36E5-AA77-F8F183979F03}.Release|x64.ActiveCfg = Release|x64
		{3A94FA32-2303-36E5-AA77-F8F183979F03}.Release|x64.Build.0 = Release|x64
	EndGlobalSection
	GlobalSection(ExtensibilityGlobals) = postSolution
		SolutionGuid = {01C5CE38-EC78-3F1E-AA86-4EFC795F2251}
	EndGlobalSection
	GlobalSection(ExtensibilityAddIns) = postSolution
	EndGlobalSection
EndGlobal
